PODS:
  - Bolts (1.1.0)
  - Facebook-iOS-SDK (3.16.2):
    - Bolts
  - JSQMessagesViewController (5.1.1):
    - JSQSystemSoundPlayer
  - JSQSystemSoundPlayer (1.5.2)
  - Parse (1.2.20):
    - Facebook-iOS-SDK (~> 3.11)

DEPENDENCIES:
  - JSQMessagesViewController
  - Parse

SPEC CHECKSUMS:
  Bolts: 91c2af8eae1d44e1dd75946a5b0ae04a43ea43e4
  Facebook-iOS-SDK: 34eef640c2cc4c8618ba0f574ad2b290e07f1b4e
  JSQMessagesViewController: 2e49397efc7cef9c990e7c804cdd1fa0c2bf7812
  JSQSystemSoundPlayer: c24914bc96ff5365b5d28b59d7ecffd60d1c5587
  Parse: 28c0dc54f30201a369d29a2f76c09fa43b2add16

COCOAPODS: 0.33.1
